{
  "nodes": {
    "arbor-manager": {
      "inputs": {
        "nixpkgs": "nixpkgs"
      },
      "locked": {
        "lastModified": 1787670576,
        "narHash": "sha256-QH6wx1ho00CclgvrJQPL+Bt8W+DJZmkobXiusapCB6g=",
        "owner": "pbert5",
        "repo": "arbor-manager",
        "rev": "66bcab5a0dae8e14d2f8f57520a21c8b540c5178",
        "type": "github"
      },
      "original": {
        "owner": "pbert5",
        "repo": "arbor-manager",
        "type": "github"
      }
    },
    "arbor-registry": {
      "inputs": {
        "nixpkgs": "nixpkgs_2",
        "systemd-vaultd": "systemd-vaultd"
      },
      "locked": {
        "lastModified": 1787680662,
        "narHash": "sha256-FYWeQhUP+2MGA8nJBqWiXOU02nNVdEdCdxuDMpZ5Gyc=",
        "owner": "pbert5",
        "repo": "arbor-registry",
        "rev": "16029ceb17b464cc725a1151527e495470259ff0",
        "type": "github"
      },
      "original": {
        "owner": "pbert5",
        "repo": "arbor-registry",
        "type": "github"
      }
    },
    "ashes-desktop-apps": {
      "inputs": {
        "flake-parts": "flake-parts",
        "nixpkgs": [
          "nixpkgs"
        ],
        "nixpkgs-unstable": "nixpkgs-unstable"
      },
      "locked": {
        "lastModified": 1787544948,
        "narHash": "sha256-GKfkKz0OaOkVBXXTDUOx0F3iAMOBR5xKyWJnSODvp2U=",
        "owner": "pbert5",
        "repo": "AshDesktopApps",
        "rev": "ec4cd654d9444a0bbe5b02eda82b0fef8da2e5a8",
        "type": "github"
      },
      "original": {
        "owner": "pbert5",
        "repo": "AshDesktopApps",
        "type": "github"
      }
    },
    "ashes-tools": {
      "inputs": {
        "awesome-nix-sets": "awesome-nix-sets",
        "flake-parts": "flake-parts_3",
        "nixpkgs": [
          "nixpkgs"
        ]
      },
      "locked": {
        "lastModified": 1787544301,
        "narHash": "sha256-c74zlAamMBGk3steCktOo84apxEUz/j7Oi2cz+3esNk=",
        "owner": "pbert5",
        "repo": "AshesTools",
        "rev": "ceb12a1fa1f215ae486390bd554c03d0fe1d6381",
        "type": "github"
      },
      "original": {
        "owner": "pbert5",
        "repo": "AshesTools",
        "type": "github"
      }
    },
    "ashzsh": {
      "inputs": {
        "home-manager": [
          "home-manager"
        ],
        "nixpkgs": [
          "nixpkgs"
        ]
      },
      "locked": {
        "lastModified": 1787541283,
        "narHash": "sha256-B78fZk4lhAcH/giXCVPxgmZsT5ggbfp1RXYtzIE6YFg=",
        "owner": "pbert5",
        "repo": "AshZsh",
        "rev": "5773f356c20fb713f634c183898ed384e7cbdb84",
        "type": "github"
      },
      "original": {
        "owner": "pbert5",
        "repo": "AshZsh",
        "type": "github"
      }
    },
    "awesome-nix": {
      "flake": false,
      "locked": {
        "lastModified": 1784827840,
        "narHash": "sha256-bDLAdMiqf/VsWgZ/Nq3+8sIc1mI5d1nIvbUTIAhEelk=",
        "owner": "nix-community",
        "repo": "awesome-nix",
        "rev": "ecbb552376aef2bcf1614c0879dcd4268f59da6b",
        "type": "github"
      },
      "original": {
        "owner": "nix-community",
        "repo": "awesome-nix",
        "type": "github"
      }
    },
    "awesome-nix-sets": {
      "inputs": {
        "awesome-nix": "awesome-nix",
        "flake-parts": "flake-parts_2",
        "nixpkgs": [
          "ashes-tools",
          "nixpkgs"
        ]
      },
      "locked": {
        "lastModified": 1787544282,
        "narHash": "sha256-McfPq5p45LdBXtJWKkUEizQLAdoF63XMOxGCwjiMwXw=",
        "owner": "pbert5",
        "repo": "AwesomeNixSets",
        "rev": "becede51bc126eba13eedbe7685a636277e106fa",
        "type": "github"
      },
      "original": {
        "owner": "pbert5",
        "repo": "AwesomeNixSets",
        "type": "github"
      }
    },
    "flake-parts": {
      "inputs": {
        "nixpkgs-lib": [
          "ashes-desktop-apps",
          "nixpkgs"
        ]
      },
      "locked": {
        "lastModified": 1785627969,
        "narHash": "sha256-4dtXQk/NMePegK/nWp5NSeuZKLATItOq61lpEvmXqGw=",
        "owner": "hercules-ci",
        "repo": "flake-parts",
        "rev": "427bf4bd9435fdf21321c8cc628c24efc14c0f7a",
        "type": "github"
      },
      "original": {
        "owner": "hercules-ci",
        "repo": "flake-parts",
        "type": "github"
      }
    },
    "flake-parts_2": {
      "inputs": {
        "nixpkgs-lib": [
          "ashes-tools",
          "awesome-nix-sets",
          "nixpkgs"
        ]
      },
      "locked": {
        "lastModified": 1785627969,
        "narHash": "sha256-4dtXQk/NMePegK/nWp5NSeuZKLATItOq61lpEvmXqGw=",
        "owner": "hercules-ci",
        "repo": "flake-parts",
        "rev": "427bf4bd9435fdf21321c8cc628c24efc14c0f7a",
        "type": "github"
      },
      "original": {
        "owner": "hercules-ci",
        "repo": "flake-parts",
        "type": "github"
      }
    },
    "flake-parts_3": {
      "inputs": {
        "nixpkgs-lib": [
          "ashes-tools",
          "nixpkgs"
        ]
      },
      "locked": {
        "lastModified": 1785627969,
        "narHash": "sha256-4dtXQk/NMePegK/nWp5NSeuZKLATItOq61lpEvmXqGw=",
        "owner": "hercules-ci",
        "repo": "flake-parts",
        "rev": "427bf4bd9435fdf21321c8cc628c24efc14c0f7a",
        "type": "github"
      },
      "original": {
        "owner": "hercules-ci",
        "repo": "flake-parts",
        "type": "github"
      }
    },
    "flake-parts_4": {
      "inputs": {
        "nixpkgs-lib": [
          "nixpkgs"
        ]
      },
      "locked": {
        "lastModified": 1785627969,
        "narHash": "sha256-4dtXQk/NMePegK/nWp5NSeuZKLATItOq61lpEvmXqGw=",
        "owner": "hercules-ci",
        "repo": "flake-parts",
        "rev": "427bf4bd9435fdf21321c8cc628c24efc14c0f7a",
        "type": "github"
      },
      "original": {
        "owner": "hercules-ci",
        "repo": "flake-parts",
        "type": "github"
      }
    },
    "home-manager": {
      "inputs": {
        "nixpkgs": [
          "nixpkgs"
        ]
      },
      "locked": {
        "lastModified": 1787540599,
        "narHash": "sha256-MHwk52ty3NsLhq9a1IbIfBJZlCUJIdiUYFo52JLK9hY=",
        "owner": "nix-community",
        "repo": "home-manager",
        "rev": "03f4cd46bc1dd4f3a96da778d2ce9f7ce39dd450",
        "type": "github"
      },
      "original": {
        "owner": "nix-community",
        "repo": "home-manager",
        "type": "github"
      }
    },
    "nixpkgs": {
      "locked": {
        "lastModified": 1787498568,
        "narHash": "sha256-9i/VTdusq/+NM/tz+J1Re+ojkMB8MBf0QshnYfzHz30=",
        "owner": "NixOS",
        "repo": "nixpkgs",
        "rev": "56c02bc00adcf003215cc4bd996d6efaf4cff188",
        "type": "github"
      },
      "original": {
        "owner": "NixOS",
        "ref": "nixos-unstable",
        "repo": "nixpkgs",
        "type": "github"
      }
    },
    "nixpkgs-unstable": {
      "locked": {
        "lastModified": 1787360063,
        "narHash": "sha256-dt4WdcvsA8/RCe+VZZwqU0X+XMM3wBbGCWA0/sFWzGo=",
        "owner": "NixOS",
        "repo": "nixpkgs",
        "rev": "2c423e03bbafcff28bfadc6781a4a8257f205cb5",
        "type": "github"
      },
      "original": {
        "owner": "NixOS",
        "ref": "nixos-unstable",
        "repo": "nixpkgs",
        "type": "github"
      }
    },
    "nixpkgs_2": {
      "locked": {
        "lastModified": 1787498568,
        "narHash": "sha256-9i/VTdusq/+NM/tz+J1Re+ojkMB8MBf0QshnYfzHz30=",
        "owner": "NixOS",
        "repo": "nixpkgs",
        "rev": "56c02bc00adcf003215cc4bd996d6efaf4cff188",
        "type": "github"
      },
      "original": {
        "owner": "NixOS",
        "ref": "nixos-unstable",
        "repo": "nixpkgs",
        "type": "github"
      }
    },
    "nixpkgs_3": {
      "locked": {
        "lastModified": 1787360063,
        "narHash": "sha256-dt4WdcvsA8/RCe+VZZwqU0X+XMM3wBbGCWA0/sFWzGo=",
        "owner": "NixOS",
        "repo": "nixpkgs",
        "rev": "2c423e03bbafcff28bfadc6781a4a8257f205cb5",
        "type": "github"
      },
      "original": {
        "owner": "NixOS",
        "ref": "nixos-unstable",
        "repo": "nixpkgs",
        "type": "github"
      }
    },
    "root": {
      "inputs": {
        "arbor-manager": "arbor-manager",
        "arbor-registry": "arbor-registry",
        "ashes-desktop-apps": "ashes-desktop-apps",
        "ashes-tools": "ashes-tools",
        "ashzsh": "ashzsh",
        "flake-parts": "flake-parts_4",
        "home-manager": "home-manager",
        "nixpkgs": "nixpkgs_3",
        "tilingDesktop": "tilingDesktop"
      }
    },
    "systemd-vaultd": {
      "inputs": {
        "nixpkgs": [
          "arbor-registry",
          "nixpkgs"
        ],
        "treefmt-nix": "treefmt-nix"
      },
      "locked": {
        "lastModified": 1787083709,
        "narHash": "sha256-0f93RzgvTCjvmRRcgBPkr7ND87+yg3kKxuql2tD9AeE=",
        "owner": "numtide",
        "repo": "systemd-vaultd",
        "rev": "0460f262d28903f05192d8a9768782fb34fe8384",
        "type": "github"
      },
      "original": {
        "owner": "numtide",
        "repo": "systemd-vaultd",
        "type": "github"
      }
    },
    "tilingDesktop": {
      "inputs": {
        "home-manager": [
          "home-manager"
        ],
        "nixpkgs": [
          "nixpkgs"
        ]
      },
      "locked": {
        "lastModified": 1787545284,
        "narHash": "sha256-4+W270ioziPJbws7qlDF5lgPVQXUl09O7KZgb5t3oAg=",
        "owner": "pbert5",
        "repo": "TilingDesktop",
        "rev": "5e494d8cfee14bcab5f2f695c4c4bdaafcd9c2c3",
        "type": "github"
      },
      "original": {
        "owner": "pbert5",
        "repo": "TilingDesktop",
        "type": "github"
      }
    },
    "treefmt-nix": {
      "inputs": {
        "nixpkgs": [
          "arbor-registry",
          "systemd-vaultd",
          "nixpkgs"
        ]
      },
      "locked": {
        "lastModified": 1786901030,
        "narHash": "sha256-WSFCsDSE5ffgD2MqzkM2CYjeFiKhRF/dJUN8uedb6YE=",
        "owner": "numtide",
        "repo": "treefmt-nix",
        "rev": "27b3b12a8e6375f28ebe122f07d230ca5459bbfa",
        "type": "github"
      },
      "original": {
        "owner": "numtide",
        "repo": "treefmt-nix",
        "type": "github"
      }
    }
  },
  "root": "root",
  "version": 7
}
