{
  "nodes": {
    "arbor-manager": {
      "inputs": {
        "arbor-network-manager": "arbor-network-manager",
        "nixpkgs": "nixpkgs_2"
      },
      "locked": {
        "lastModified": 1787689851,
        "narHash": "sha256-BifxVr7lxQ8/0u3djm2FMt7kBC7EW7xwH7/k4rkkJNg=",
        "owner": "pbert5",
        "repo": "arbor-manager",
        "rev": "a7a365dded1350e3c6ee55b7dcf70ac00f0c0a8d",
        "type": "github"
      },
      "original": {
        "owner": "pbert5",
        "repo": "arbor-manager",
        "type": "github"
      }
    },
    "arbor-network-manager": {
      "inputs": {
        "nixpkgs": "nixpkgs"
      },
      "locked": {
        "lastModified": 1787689823,
        "narHash": "sha256-0TIOOT6KJQo23M0hqD+fhElmu1zAE5bOKGVN68rjtlw=",
        "owner": "pbert5",
        "repo": "arbor-network-manager",
        "rev": "2f551e4def84777d976cd243eb1a470f7e4bf611",
        "type": "github"
      },
      "original": {
        "owner": "pbert5",
        "repo": "arbor-network-manager",
        "type": "github"
      }
    },
    "arbor-network-manager_2": {
      "inputs": {
        "nixpkgs": "nixpkgs_3"
      },
      "locked": {
        "lastModified": 1787689823,
        "narHash": "sha256-0TIOOT6KJQo23M0hqD+fhElmu1zAE5bOKGVN68rjtlw=",
        "owner": "pbert5",
        "repo": "arbor-network-manager",
        "rev": "2f551e4def84777d976cd243eb1a470f7e4bf611",
        "type": "github"
      },
      "original": {
        "owner": "pbert5",
        "repo": "arbor-network-manager",
        "type": "github"
      }
    },
    "arbor-network-manager_3": {
      "inputs": {
        "nixpkgs": "nixpkgs_6"
      },
      "locked": {
        "lastModified": 1787689823,
        "narHash": "sha256-0TIOOT6KJQo23M0hqD+fhElmu1zAE5bOKGVN68rjtlw=",
        "owner": "pbert5",
        "repo": "arbor-network-manager",
        "rev": "2f551e4def84777d976cd243eb1a470f7e4bf611",
        "type": "github"
      },
      "original": {
        "owner": "pbert5",
        "repo": "arbor-network-manager",
        "type": "github"
      }
    },
    "arbor-registry": {
      "inputs": {
        "nixpkgs": "nixpkgs_4",
        "systemd-vaultd": "systemd-vaultd"
      },
      "locked": {
        "lastModified": 1787670499,
        "narHash": "sha256-JqI5hBUcGusciMpvXORkVplQ+sQ4AX88PuSqhBFV5ig=",
        "owner": "pbert5",
        "repo": "arbor-registry",
        "rev": "ce54e005662725bebb407ec63188824c0b0a4322",
        "type": "github"
      },
      "original": {
        "owner": "pbert5",
        "repo": "arbor-registry",
        "type": "github"
      }
    },
    "ashes-desktop-apps": {
      "inputs": {
        "flake-parts": "flake-parts",
        "nixpkgs": [
          "nixpkgs"
        ],
        "nixpkgs-unstable": "nixpkgs-unstable"
      },
      "locked": {
        "lastModified": 1787544948,
        "narHash": "sha256-GKfkKz0OaOkVBXXTDUOx0F3iAMOBR5xKyWJnSODvp2U=",
        "owner": "pbert5",
        "repo": "AshDesktopApps",
        "rev": "ec4cd654d9444a0bbe5b02eda82b0fef8da2e5a8",
        "type": "github"
      },
      "original": {
        "owner": "pbert5",
        "repo": "AshDesktopApps",
        "type": "github"
      }
    },
    "ashes-tools": {
      "inputs": {
        "awesome-nix-sets": "awesome-nix-sets",
        "flake-parts": "flake-parts_3",
        "nixpkgs": [
          "nixpkgs"
        ]
      },
      "locked": {
        "lastModified": 1787544301,
        "narHash": "sha256-c74zlAamMBGk3steCktOo84apxEUz/j7Oi2cz+3esNk=",
        "owner": "pbert5",
        "repo": "AshesTools",
        "rev": "ceb12a1fa1f215ae486390bd554c03d0fe1d6381",
        "type": "github"
      },
      "original": {
        "owner": "pbert5",
        "repo": "AshesTools",
        "type": "github"
      }
    },
    "ashzsh": {
      "inputs": {
        "home-manager": [
          "home-manager"
        ],
        "nixpkgs": [
          "nixpkgs"
        ]
      },
      "locked": {
        "lastModified": 1787781395,
        "narHash": "sha256-gDAP1/k3/1g9mj97HG0bKhF3ZaADBPBaNMJFyW28+OA=",
        "owner": "pbert5",
        "repo": "AshZsh",
        "rev": "b693b17a0f69bbb5d6fee00f41a8b1d9a8cb9247",
        "type": "github"
      },
      "original": {
        "owner": "pbert5",
        "ref": "b693b17",
        "repo": "AshZsh",
        "type": "github"
      }
    },
    "awesome-nix": {
      "flake": false,
      "locked": {
        "lastModified": 1784827840,
        "narHash": "sha256-bDLAdMiqf/VsWgZ/Nq3+8sIc1mI5d1nIvbUTIAhEelk=",
        "owner": "nix-community",
        "repo": "awesome-nix",
        "rev": "ecbb552376aef2bcf1614c0879dcd4268f59da6b",
        "type": "github"
      },
      "original": {
        "owner": "nix-community",
        "repo": "awesome-nix",
        "type": "github"
      }
    },
    "awesome-nix-sets": {
      "inputs": {
        "awesome-nix": "awesome-nix",
        "flake-parts": "flake-parts_2",
        "nixpkgs": [
          "ashes-tools",
          "nixpkgs"
        ]
      },
      "locked": {
        "lastModified": 1787544282,
        "narHash": "sha256-McfPq5p45LdBXtJWKkUEizQLAdoF63XMOxGCwjiMwXw=",
        "owner": "pbert5",
        "repo": "AwesomeNixSets",
        "rev": "becede51bc126eba13eedbe7685a636277e106fa",
        "type": "github"
      },
      "original": {
        "owner": "pbert5",
        "repo": "AwesomeNixSets",
        "type": "github"
      }
    },
    "codex-switch": {
      "inputs": {
        "nixpkgs": [
          "nixpkgs"
        ]
      },
      "locked": {
        "lastModified": 1785004585,
        "narHash": "sha256-XyfWpEjLPiQUWQ1/WDpVVqiAdDXrsZORNCqXFIfxlH8=",
        "ref": "main",
        "rev": "e5bd666966dc5e41999e2dbefc1502a339c3f6d9",
        "revCount": 2,
        "type": "git",
        "url": "https://github.com/pbert5/codex-switch.git"
      },
      "original": {
        "owner": "pbert5",
        "repo": "codex-switch",
        "type": "github"
      }
    },
    "flake-parts": {
      "inputs": {
        "nixpkgs-lib": [
          "ashes-desktop-apps",
          "nixpkgs"
        ]
      },
      "locked": {
        "lastModified": 1785627969,
        "narHash": "sha256-4dtXQk/NMePegK/nWp5NSeuZKLATItOq61lpEvmXqGw=",
        "owner": "hercules-ci",
        "repo": "flake-parts",
        "rev": "427bf4bd9435fdf21321c8cc628c24efc14c0f7a",
        "type": "github"
      },
      "original": {
        "owner": "hercules-ci",
        "repo": "flake-parts",
        "type": "github"
      }
    },
    "flake-parts_2": {
      "inputs": {
        "nixpkgs-lib": [
          "ashes-tools",
          "awesome-nix-sets",
          "nixpkgs"
        ]
      },
      "locked": {
        "lastModified": 1785627969,
        "narHash": "sha256-4dtXQk/NMePegK/nWp5NSeuZKLATItOq61lpEvmXqGw=",
        "owner": "hercules-ci",
        "repo": "flake-parts",
        "rev": "427bf4bd9435fdf21321c8cc628c24efc14c0f7a",
        "type": "github"
      },
      "original": {
        "owner": "hercules-ci",
        "repo": "flake-parts",
        "type": "github"
      }
    },
    "flake-parts_3": {
      "inputs": {
        "nixpkgs-lib": [
          "ashes-tools",
          "nixpkgs"
        ]
      },
      "locked": {
        "lastModified": 1785627969,
        "narHash": "sha256-4dtXQk/NMePegK/nWp5NSeuZKLATItOq61lpEvmXqGw=",
        "owner": "hercules-ci",
        "repo": "flake-parts",
        "rev": "427bf4bd9435fdf21321c8cc628c24efc14c0f7a",
        "type": "github"
      },
      "original": {
        "owner": "hercules-ci",
        "repo": "flake-parts",
        "type": "github"
      }
    },
    "flake-parts_4": {
      "inputs": {
        "nixpkgs-lib": [
          "nixpkgs"
        ]
      },
      "locked": {
        "lastModified": 1785627969,
        "narHash": "sha256-4dtXQk/NMePegK/nWp5NSeuZKLATItOq61lpEvmXqGw=",
        "owner": "hercules-ci",
        "repo": "flake-parts",
        "rev": "427bf4bd9435fdf21321c8cc628c24efc14c0f7a",
        "type": "github"
      },
      "original": {
        "owner": "hercules-ci",
        "repo": "flake-parts",
        "type": "github"
      }
    },
    "home-manager": {
      "inputs": {
        "nixpkgs": [
          "nixpkgs"
        ]
      },
      "locked": {
        "lastModified": 1787540599,
        "narHash": "sha256-MHwk52ty3NsLhq9a1IbIfBJZlCUJIdiUYFo52JLK9hY=",
        "owner": "nix-community",
        "repo": "home-manager",
        "rev": "03f4cd46bc1dd4f3a96da778d2ce9f7ce39dd450",
        "type": "github"
      },
      "original": {
        "owner": "nix-community",
        "repo": "home-manager",
        "type": "github"
      }
    },
    "nixpkgs": {
      "locked": {
        "lastModified": 1787498568,
        "narHash": "sha256-9i/VTdusq/+NM/tz+J1Re+ojkMB8MBf0QshnYfzHz30=",
        "owner": "NixOS",
        "repo": "nixpkgs",
        "rev": "56c02bc00adcf003215cc4bd996d6efaf4cff188",
        "type": "github"
      },
      "original": {
        "owner": "NixOS",
        "ref": "nixos-unstable",
        "repo": "nixpkgs",
        "type": "github"
      }
    },
    "nixpkgs-unstable": {
      "locked": {
        "lastModified": 1787360063,
        "narHash": "sha256-dt4WdcvsA8/RCe+VZZwqU0X+XMM3wBbGCWA0/sFWzGo=",
        "owner": "NixOS",
        "repo": "nixpkgs",
        "rev": "2c423e03bbafcff28bfadc6781a4a8257f205cb5",
        "type": "github"
      },
      "original": {
        "owner": "NixOS",
        "ref": "nixos-unstable",
        "repo": "nixpkgs",
        "type": "github"
      }
    },
    "nixpkgs_2": {
      "locked": {
        "lastModified": 1787498568,
        "narHash": "sha256-9i/VTdusq/+NM/tz+J1Re+ojkMB8MBf0QshnYfzHz30=",
        "owner": "NixOS",
        "repo": "nixpkgs",
        "rev": "56c02bc00adcf003215cc4bd996d6efaf4cff188",
        "type": "github"
      },
      "original": {
        "owner": "NixOS",
        "ref": "nixos-unstable",
        "repo": "nixpkgs",
        "type": "github"
      }
    },
    "nixpkgs_3": {
      "locked": {
        "lastModified": 1787498568,
        "narHash": "sha256-9i/VTdusq/+NM/tz+J1Re+ojkMB8MBf0QshnYfzHz30=",
        "owner": "NixOS",
        "repo": "nixpkgs",
        "rev": "56c02bc00adcf003215cc4bd996d6efaf4cff188",
        "type": "github"
      },
      "original": {
        "owner": "NixOS",
        "ref": "nixos-unstable",
        "repo": "nixpkgs",
        "type": "github"
      }
    },
    "nixpkgs_4": {
      "locked": {
        "lastModified": 1787498568,
        "narHash": "sha256-9i/VTdusq/+NM/tz+J1Re+ojkMB8MBf0QshnYfzHz30=",
        "owner": "NixOS",
        "repo": "nixpkgs",
        "rev": "56c02bc00adcf003215cc4bd996d6efaf4cff188",
        "type": "github"
      },
      "original": {
        "owner": "NixOS",
        "ref": "nixos-unstable",
        "repo": "nixpkgs",
        "type": "github"
      }
    },
    "nixpkgs_5": {
      "locked": {
        "lastModified": 1787360063,
        "narHash": "sha256-dt4WdcvsA8/RCe+VZZwqU0X+XMM3wBbGCWA0/sFWzGo=",
        "owner": "NixOS",
        "repo": "nixpkgs",
        "rev": "2c423e03bbafcff28bfadc6781a4a8257f205cb5",
        "type": "github"
      },
      "original": {
        "owner": "NixOS",
        "ref": "nixos-unstable",
        "repo": "nixpkgs",
        "type": "github"
      }
    },
    "nixpkgs_6": {
      "locked": {
        "lastModified": 1787498568,
        "narHash": "sha256-9i/VTdusq/+NM/tz+J1Re+ojkMB8MBf0QshnYfzHz30=",
        "owner": "NixOS",
        "repo": "nixpkgs",
        "rev": "56c02bc00adcf003215cc4bd996d6efaf4cff188",
        "type": "github"
      },
      "original": {
        "owner": "NixOS",
        "ref": "nixos-unstable",
        "repo": "nixpkgs",
        "type": "github"
      }
    },
    "nixpkgs_7": {
      "locked": {
        "lastModified": 1784856561,
        "narHash": "sha256-J+Bx1Z6Oeoj2FgnBhRMKyUhhtDoOpTgXYaVLZpDjW4A=",
        "owner": "NixOS",
        "repo": "nixpkgs",
        "rev": "597283ad8aa0b331c788e97c4c262d58877074ef",
        "type": "github"
      },
      "original": {
        "owner": "NixOS",
        "ref": "nixos-26.05",
        "repo": "nixpkgs",
        "type": "github"
      }
    },
    "root": {
      "inputs": {
        "arbor-manager": "arbor-manager",
        "arbor-network-manager": "arbor-network-manager_2",
        "arbor-registry": "arbor-registry",
        "ashes-desktop-apps": "ashes-desktop-apps",
        "ashes-tools": "ashes-tools",
        "ashzsh": "ashzsh",
        "codex-switch": "codex-switch",
        "flake-parts": "flake-parts_4",
        "home-manager": "home-manager",
        "nixpkgs": "nixpkgs_5",
        "sops-nix": "sops-nix",
        "tilingDesktop": "tilingDesktop",
        "yggdrasil-private": "yggdrasil-private"
      }
    },
    "sops-nix": {
      "inputs": {
        "nixpkgs": [
          "nixpkgs"
        ]
      },
      "locked": {
        "lastModified": 1786629091,
        "narHash": "sha256-gkig4nPi1CWc4Z50GBsjE4ygSE7hMpl/TwID2an2Cck=",
        "owner": "Mic92",
        "repo": "sops-nix",
        "rev": "a8627b21b9107c5711c96b84f32a9a4b3d45295f",
        "type": "github"
      },
      "original": {
        "owner": "Mic92",
        "repo": "sops-nix",
        "type": "github"
      }
    },
    "systemd-vaultd": {
      "inputs": {
        "nixpkgs": [
          "arbor-registry",
          "nixpkgs"
        ],
        "treefmt-nix": "treefmt-nix"
      },
      "locked": {
        "lastModified": 1787083709,
        "narHash": "sha256-0f93RzgvTCjvmRRcgBPkr7ND87+yg3kKxuql2tD9AeE=",
        "owner": "numtide",
        "repo": "systemd-vaultd",
        "rev": "0460f262d28903f05192d8a9768782fb34fe8384",
        "type": "github"
      },
      "original": {
        "owner": "numtide",
        "repo": "systemd-vaultd",
        "type": "github"
      }
    },
    "tilingDesktop": {
      "inputs": {
        "home-manager": [
          "home-manager"
        ],
        "nixpkgs": [
          "nixpkgs"
        ]
      },
      "locked": {
        "lastModified": 1787545284,
        "narHash": "sha256-4+W270ioziPJbws7qlDF5lgPVQXUl09O7KZgb5t3oAg=",
        "owner": "pbert5",
        "repo": "TilingDesktop",
        "rev": "5e494d8cfee14bcab5f2f695c4c4bdaafcd9c2c3",
        "type": "github"
      },
      "original": {
        "owner": "pbert5",
        "repo": "TilingDesktop",
        "type": "github"
      }
    },
    "treefmt-nix": {
      "inputs": {
        "nixpkgs": [
          "arbor-registry",
          "systemd-vaultd",
          "nixpkgs"
        ]
      },
      "locked": {
        "lastModified": 1786901030,
        "narHash": "sha256-WSFCsDSE5ffgD2MqzkM2CYjeFiKhRF/dJUN8uedb6YE=",
        "owner": "numtide",
        "repo": "treefmt-nix",
        "rev": "27b3b12a8e6375f28ebe122f07d230ca5459bbfa",
        "type": "github"
      },
      "original": {
        "owner": "numtide",
        "repo": "treefmt-nix",
        "type": "github"
      }
    },
    "yggdrasil-private": {
      "inputs": {
        "arbor-network-manager": "arbor-network-manager_3",
        "nixpkgs": "nixpkgs_7"
      },
      "locked": {
        "lastModified": 1787689870,
        "narHash": "sha256-W8oIKLYw1zRLyNFJQOsTlvqYg2nhX1CyaY4M73+g/VQ=",
        "ref": "main",
        "rev": "8543a1c0bac87553ba1ffb8c3d015303947f907d",
        "revCount": 7,
        "type": "git",
        "url": "https://github.com/pbert5/yggdrasil-private.git"
      },
      "original": {
        "ref": "main",
        "type": "git",
        "url": "https://github.com/pbert5/yggdrasil-private.git"
      }
    }
  },
  "root": "root",
  "version": 7
}
